
Microsoft Visual Studio Solution File, Format Version 12.00
# Visual Studio Version 16
VisualStudioVersion = 16.0.29215.179
MinimumVisualStudioVersion = 10.0.40219.1
Project("{8BC9CEB8-8B4A-11D0-8D11-00A0C91BC942}") = "Practice10", "Practice10\Practice10.vcxproj", "{D178962B-6CC0-49B0-9F71-1CD6534C68B2}"
EndProject
Global
	GlobalSection(SolutionConfigurationPlatforms) = preSolution
		Debug|x64 = Debug|x64
		Debug|x86 = Debug|x86
		Release|x64 = Release|x64
		Release|x86 = Release|x86
	EndGlobalSection
	GlobalSection(ProjectConfigurationPlatforms) = postSolution
		{D178962B-6CC0-49B0-9F71-1CD6534C68B2}.Debug|x64.ActiveCfg = Debug|x64
		{D178962B-6CC0-49B0-9F71-1CD6534C68B2}.Debug|x64.Build.0 = Debug|x64
		{D178962B-6CC0-49B0-9F71-1CD6534C68B2}.Debug|x86.ActiveCfg = Debug|Win32
		{D178962B-6CC0-49B0-9F71-1CD6534C68B2}.Debug|x86.Build.0 = Debug|Win32
		{D178962B-6CC0-49B0-9F71-1CD6534C68B2}.Release|x64.ActiveCfg = Release|x64
		{D178962B-6CC0-49B0-9F71-1CD6534C68B2}.Release|x64.Build.0 = Release|x64
		{D178962B-6CC0-49B0-9F71-1CD6534C68B2}.Release|x86.ActiveCfg = Release|Win32
		{D178962B-6CC0-49B0-9F71-1CD6534C68B2}.Release|x86.Build.0 = Release|Win32
	EndGlobalSection
	GlobalSection(SolutionProperties) = preSolution
		HideSolutionNode = FALSE
	EndGlobalSection
	GlobalSection(ExtensibilityGlobals) = postSolution
		SolutionGuid = {41C1AAFD-A5CC-4EB0-8F23-08DF27BFB538}
	EndGlobalSection
EndGlobal
